github.com/elastic/go-elasticsearch v0.0.0 h1:Pd5fqOuBxKxv83b0+xOAJDAkziWYwFinWnBO0y+TZaA=
github.com/elastic/go-elasticsearch/v8 v8.0.0-20200325130818-3a5eff96ee35 h1:YIytWJtMPDSiH9n/TGGcUiHjCvrVFl4zWgN5+fSpADc=
github.com/elastic/go-elasticsearch/v8 v8.0.0-20200325130818-3a5eff96ee35/go.mod h1:xe9a/L2aeOgFKKgrO3ibQTnMdpAeL0GC+5/HpGScSa4=
